
Microsoft Visual Studio Solution File, Format Version 12.00
# Visual Studio 2015
Project("{FAE04EC0-301F-11D3-BF4B-00C04F79EFBC}") = "ShaderProject", "ShaderProject.csproj", "{FB40DA8A-E2E2-874E-4E60-86134B110C0A}"
EndProject
Project("{FAE04EC0-301F-11D3-BF4B-00C04F79EFBC}") = "ShaderProject.Editor", "ShaderProject.Editor.csproj", "{750B7922-2AC0-6A62-8CE0-CE4059F97B92}"
EndProject
Global
	GlobalSection(SolutionConfigurationPlatforms) = preSolution
		Debug|Any CPU = Debug|Any CPU
		Release|Any CPU = Release|Any CPU
	EndGlobalSection
	GlobalSection(ProjectConfigurationPlatforms) = postSolution
		{FB40DA8A-E2E2-874E-4E60-86134B110C0A}.Debug|Any CPU.ActiveCfg = Debug|Any CPU
		{FB40DA8A-E2E2-874E-4E60-86134B110C0A}.Debug|Any CPU.Build.0 = Debug|Any CPU
		{FB40DA8A-E2E2-874E-4E60-86134B110C0A}.Release|Any CPU.ActiveCfg = Release|Any CPU
		{FB40DA8A-E2E2-874E-4E60-86134B110C0A}.Release|Any CPU.Build.0 = Release|Any CPU
		{750B7922-2AC0-6A62-8CE0-CE4059F97B92}.Debug|Any CPU.ActiveCfg = Debug|Any CPU
		{750B7922-2AC0-6A62-8CE0-CE4059F97B92}.Debug|Any CPU.Build.0 = Debug|Any CPU
		{750B7922-2AC0-6A62-8CE0-CE4059F97B92}.Release|Any CPU.ActiveCfg = Release|Any CPU
		{750B7922-2AC0-6A62-8CE0-CE4059F97B92}.Release|Any CPU.Build.0 = Release|Any CPU
	EndGlobalSection
	GlobalSection(SolutionProperties) = preSolution
		HideSolutionNode = FALSE
	EndGlobalSection
EndGlobal
